// !$*UTF8*$!
{
	archiveVersion = 1;
	classes = {
	};
	objectVersion = 56;
	objects = {

/* Begin PBXBuildFile section */
		0D1A431E2B964AA80039DCC2 /* Util.swift in Sources */ = {isa = PBXBuildFile; fileRef = 0D1A431D2B964AA80039DCC2 /* Util.swift */; };
		0D5EBB0C2B9265DC005E5A82 /* environment.swift in Sources */ = {isa = PBXBuildFile; fileRef = 0D5EBB0B2B9265DC005E5A82 /* environment.swift */; };
		0D5EBB0E2B92660C005E5A82 /* model.swift in Sources */ = {isa = PBXBuildFile; fileRef = 0D5EBB0D2B92660C005E5A82 /* model.swift */; };
		0D5EBB102B9271C4005E5A82 /* simulation.swift in Sources */ = {isa = PBXBuildFile; fileRef = 0D5EBB0F2B9271C4005E5A82 /* simulation.swift */; };
		0DFB61342B9243A90055C9E3 /* AppDelegate.swift in Sources */ = {isa = PBXBuildFile; fileRef = 0DFB61332B9243A90055C9E3 /* AppDelegate.swift */; };
		0DFB61362B9243A90055C9E3 /* ContentView.swift in Sources */ = {isa = PBXBuildFile; fileRef = 0DFB61352B9243A90055C9E3 /* ContentView.swift */; };
		0DFB61382B9243AA0055C9E3 /* Assets.xcassets in Resources */ = {isa = PBXBuildFile; fileRef = 0DFB61372B9243AA0055C9E3 /* Assets.xcassets */; };
		0DFB613B2B9243AA0055C9E3 /* Preview Assets.xcassets in Resources */ = {isa = PBXBuildFile; fileRef = 0DFB613A2B9243AA0055C9E3 /* Preview Assets.xcassets */; };
		0DFB61452B9243AB0055C9E3 /* VirtualRootsTests.swift in Sources */ = {isa = PBXBuildFile; fileRef = 0DFB61442B9243AB0055C9E3 /* VirtualRootsTests.swift */; };
		0DFB614F2B9243AB0055C9E3 /* VirtualRootsUITests.swift in Sources */ = {isa = PBXBuildFile; fileRef = 0DFB614E2B9243AB0055C9E3 /* VirtualRootsUITests.swift */; };
		0DFB61512B9243AB0055C9E3 /* VirtualRootsUITestsLaunchTests.swift in Sources */ = {isa = PBXBuildFile; fileRef = 0DFB61502B9243AB0055C9E3 /* VirtualRootsUITestsLaunchTests.swift */; };
/* End PBXBuildFile section */

/* Begin PBXContainerItemProxy section */
		0DFB61412B9243AB0055C9E3 /* PBXContainerItemProxy */ = {
			isa = PBXContainerItemProxy;
			containerPortal = 0DFB61282B9243A90055C9E3 /* Project object */;
			proxyType = 1;
			remoteGlobalIDString = 0DFB612F2B9243A90055C9E3;
			remoteInfo = VirtualRoots;
		};
		0DFB614B2B9243AB0055C9E3 /* PBXContainerItemProxy */ = {
			isa = PBXContainerItemProxy;
			containerPortal = 0DFB61282B9243A90055C9E3 /* Project object */;
			proxyType = 1;
			remoteGlobalIDString = 0DFB612F2B9243A90055C9E3;
			remoteInfo = VirtualRoots;
		};
/* End PBXContainerItemProxy section */

/* Begin PBXFileReference section */
		0D1A431D2B964AA80039DCC2 /* Util.swift */ = {isa = PBXFileReference; lastKnownFileType = sourcecode.swift; path = Util.swift; sourceTree = "<group>"; };
		0D5EBB0B2B9265DC005E5A82 /* environment.swift */ = {isa = PBXFileReference; lastKnownFileType = sourcecode.swift; path = environment.swift; sourceTree = "<group>"; };
		0D5EBB0D2B92660C005E5A82 /* model.swift */ = {isa = PBXFileReference; lastKnownFileType = sourcecode.swift; path = model.swift; sourceTree = "<group>"; };
		0D5EBB0F2B9271C4005E5A82 /* simulation.swift */ = {isa = PBXFileReference; lastKnownFileType = sourcecode.swift; path = simulation.swift; sourceTree = "<group>"; };
		0DFB61302B9243A90055C9E3 /* VirtualRoots.app */ = {isa = PBXFileReference; explicitFileType = wrapper.application; includeInIndex = 0; path = VirtualRoots.app; sourceTree = BUILT_PRODUCTS_DIR; };
		0DFB61332B9243A90055C9E3 /* AppDelegate.swift */ = {isa = PBXFileReference; lastKnownFileType = sourcecode.swift; path = AppDelegate.swift; sourceTree = "<group>"; };
		0DFB61352B9243A90055C9E3 /* ContentView.swift */ = {isa = PBXFileReference; lastKnownFileType = sourcecode.swift; path = ContentView.swift; sourceTree = "<group>"; };
		0DFB61372B9243AA0055C9E3 /* Assets.xcassets */ = {isa = PBXFileReference; lastKnownFileType = folder.assetcatalog; path = Assets.xcassets; sourceTree = "<group>"; };
		0DFB613A2B9243AA0055C9E3 /* Preview Assets.xcassets */ = {isa = PBXFileReference; lastKnownFileType = folder.assetcatalog; path = "Preview Assets.xcassets"; sourceTree = "<group>"; };
		0DFB61402B9243AB0055C9E3 /* VirtualRootsTests.xctest */ = {isa = PBXFileReference; explicitFileType = wrapper.cfbundle; includeInIndex = 0; path = VirtualRootsTests.xctest; sourceTree = BUILT_PRODUCTS_DIR; };
		0DFB61442B9243AB0055C9E3 /* VirtualRootsTests.swift */ = {isa = PBXFileReference; lastKnownFileType = sourcecode.swift; path = VirtualRootsTests.swift; sourceTree = "<group>"; };
		0DFB614A2B9243AB0055C9E3 /* VirtualRootsUITests.xctest */ = {isa = PBXFileReference; explicitFileType = wrapper.cfbundle; includeInIndex = 0; path = VirtualRootsUITests.xctest; sourceTree = BUILT_PRODUCTS_DIR; };
		0DFB614E2B9243AB0055C9E3 /* VirtualRootsUITests.swift */ = {isa = PBXFileReference; lastKnownFileType = sourcecode.swift; path = VirtualRootsUITests.swift; sourceTree = "<group>"; };
		0DFB61502B9243AB0055C9E3 /* VirtualRootsUITestsLaunchTests.swift */ = {isa = PBXFileReference; lastKnownFileType = sourcecode.swift; path = VirtualRootsUITestsLaunchTests.swift; sourceTree = "<group>"; };
/* End PBXFileReference section */

/* Begin PBXFrameworksBuildPhase section */
		0DFB612D2B9243A90055C9E3 /* Frameworks */ = {
			isa = PBXFrameworksBuildPhase;
			buildActionMask = 2147483647;
			files = (
			);
			runOnlyForDeploymentPostprocessing = 0;
		};
		0DFB613D2B9243AB0055C9E3 /* Frameworks */ = {
			isa = PBXFrameworksBuildPhase;
			buildActionMask = 2147483647;
			files = (
			);
			runOnlyForDeploymentPostprocessing = 0;
		};
		0DFB61472B9243AB0055C9E3 /* Frameworks */ = {
			isa = PBXFrameworksBuildPhase;
			buildActionMask = 2147483647;
			files = (
			);
			runOnlyForDeploymentPostprocessing = 0;
		};
/* End PBXFrameworksBuildPhase section */

/* Begin PBXGroup section */
		0D5EBB0A2B9265C7005E5A82 /* Simulation */ = {
			isa = PBXGroup;
			children = (
				0D5EBB0B2B9265DC005E5A82 /* environment.swift */,
				0D5EBB0D2B92660C005E5A82 /* model.swift */,
				0D5EBB0F2B9271C4005E5A82 /* simulation.swift */,
				0D1A431D2B964AA80039DCC2 /* Util.swift */,
			);
			path = Simulation;
			sourceTree = "<group>";
		};
		0DFB61272B9243A90055C9E3 = {
			isa = PBXGroup;
			children = (
				0DFB61322B9243A90055C9E3 /* VirtualRoots */,
				0DFB61432B9243AB0055C9E3 /* VirtualRootsTests */,
				0DFB614D2B9243AB0055C9E3 /* VirtualRootsUITests */,
				0DFB61312B9243A90055C9E3 /* Products */,
			);
			sourceTree = "<group>";
		};
		0DFB61312B9243A90055C9E3 /* Products */ = {
			isa = PBXGroup;
			children = (
				0DFB61302B9243A90055C9E3 /* VirtualRoots.app */,
				0DFB61402B9243AB0055C9E3 /* VirtualRootsTests.xctest */,
				0DFB614A2B9243AB0055C9E3 /* VirtualRootsUITests.xctest */,
			);
			name = Products;
			sourceTree = "<group>";
		};
		0DFB61322B9243A90055C9E3 /* VirtualRoots */ = {
			isa = PBXGroup;
			children = (
				0D5EBB0A2B9265C7005E5A82 /* Simulation */,
				0DFB61332B9243A90055C9E3 /* AppDelegate.swift */,
				0DFB61352B9243A90055C9E3 /* ContentView.swift */,
				0DFB61372B9243AA0055C9E3 /* Assets.xcassets */,
				0DFB61392B9243AA0055C9E3 /* Preview Content */,
			);
			path = VirtualRoots;
			sourceTree = "<group>";
		};
		0DFB61392B9243AA0055C9E3 /* Preview Content */ = {
			isa = PBXGroup;
			children = (
				0DFB613A2B9243AA0055C9E3 /* Preview Assets.xcassets */,
			);
			path = "Preview Content";
			sourceTree = "<group>";
		};
		0DFB61432B9243AB0055C9E3 /* VirtualRootsTests */ = {
			isa = PBXGroup;
			children = (
				0DFB61442B9243AB0055C9E3 /* VirtualRootsTests.swift */,
			);
			path = VirtualRootsTests;
			sourceTree = "<group>";
		};
		0DFB614D2B9243AB0055C9E3 /* VirtualRootsUITests */ = {
			isa = PBXGroup;
			children = (
				0DFB614E2B9243AB0055C9E3 /* VirtualRootsUITests.swift */,
				0DFB61502B9243AB0055C9E3 /* VirtualRootsUITestsLaunchTests.swift */,
			);
			path = VirtualRootsUITests;
			sourceTree = "<group>";
		};
/* End PBXGroup section */

/* Begin PBXNativeTarget section */
		0DFB612F2B9243A90055C9E3 /* VirtualRoots */ = {
			isa = PBXNativeTarget;
			buildConfigurationList = 0DFB61542B9243AB0055C9E3 /* Build configuration list for PBXNativeTarget "VirtualRoots" */;
			buildPhases = (
				0DFB612C2B9243A90055C9E3 /* Sources */,
				0DFB612D2B9243A90055C9E3 /* Frameworks */,
				0DFB612E2B9243A90055C9E3 /* Resources */,
			);
			buildRules = (
			);
			dependencies = (
			);
			name = VirtualRoots;
			productName = VirtualRoots;
			productReference = 0DFB61302B9243A90055C9E3 /* VirtualRoots.app */;
			productType = "com.apple.product-type.application";
		};
		0DFB613F2B9243AB0055C9E3 /* VirtualRootsTests */ = {
			isa = PBXNativeTarget;
			buildConfigurationList = 0DFB61572B9243AB0055C9E3 /* Build configuration list for PBXNativeTarget "VirtualRootsTests" */;
			buildPhases = (
				0DFB613C2B9243AB0055C9E3 /* Sources */,
				0DFB613D2B9243AB0055C9E3 /* Frameworks */,
				0DFB613E2B9243AB0055C9E3 /* Resources */,
			);
			buildRules = (
			);
			dependencies = (
				0DFB61422B9243AB0055C9E3 /* PBXTargetDependency */,
			);
			name = VirtualRootsTests;
			productName = VirtualRootsTests;
			productReference = 0DFB61402B9243AB0055C9E3 /* VirtualRootsTests.xctest */;
			productType = "com.apple.product-type.bundle.unit-test";
		};
		0DFB61492B9243AB0055C9E3 /* VirtualRootsUITests */ = {
			isa = PBXNativeTarget;
			buildConfigurationList = 0DFB615A2B9243AB0055C9E3 /* Build configuration list for PBXNativeTarget "VirtualRootsUITests" */;
			buildPhases = (
				0DFB61462B9243AB0055C9E3 /* Sources */,
				0DFB61472B9243AB0055C9E3 /* Frameworks */,
				0DFB61482B9243AB0055C9E3 /* Resources */,
			);
			buildRules = (
			);
			dependencies = (
				0DFB614C2B9243AB0055C9E3 /* PBXTargetDependency */,
			);
			name = VirtualRootsUITests;
			productName = VirtualRootsUITests;
			productReference = 0DFB614A2B9243AB0055C9E3 /* VirtualRootsUITests.xctest */;
			productType = "com.apple.product-type.bundle.ui-testing";
		};
/* End PBXNativeTarget section */

/* Begin PBXProject section */
		0DFB61282B9243A90055C9E3 /* Project object */ = {
			isa = PBXProject;
			attributes = {
				BuildIndependentTargetsInParallel = 1;
				LastSwiftUpdateCheck = 1520;
				LastUpgradeCheck = 1520;
				TargetAttributes = {
					0DFB612F2B9243A90055C9E3 = {
						CreatedOnToolsVersion = 15.2;
					};
					0DFB613F2B9243AB0055C9E3 = {
						CreatedOnToolsVersion = 15.2;
						TestTargetID = 0DFB612F2B9243A90055C9E3;
					};
					0DFB61492B9243AB0055C9E3 = {
						CreatedOnToolsVersion = 15.2;
						TestTargetID = 0DFB612F2B9243A90055C9E3;
					};
				};
			};
			buildConfigurationList = 0DFB612B2B9243A90055C9E3 /* Build configuration list for PBXProject "VirtualRoots" */;
			compatibilityVersion = "Xcode 14.0";
			developmentRegion = en;
			hasScannedForEncodings = 0;
			knownRegions = (
				en,
				Base,
			);
			mainGroup = 0DFB61272B9243A90055C9E3;
			productRefGroup = 0DFB61312B9243A90055C9E3 /* Products */;
			projectDirPath = "";
			projectRoot = "";
			targets = (
				0DFB612F2B9243A90055C9E3 /* VirtualRoots */,
				0DFB613F2B9243AB0055C9E3 /* VirtualRootsTests */,
				0DFB61492B9243AB0055C9E3 /* VirtualRootsUITests */,
			);
		};
/* End PBXProject section */

/* Begin PBXResourcesBuildPhase section */
		0DFB612E2B9243A90055C9E3 /* Resources */ = {
			isa = PBXResourcesBuildPhase;
			buildActionMask = 2147483647;
			files = (
				0DFB613B2B9243AA0055C9E3 /* Preview Assets.xcassets in Resources */,
				0DFB61382B9243AA0055C9E3 /* Assets.xcassets in Resources */,
			);
			runOnlyForDeploymentPostprocessing = 0;
		};
		0DFB613E2B9243AB0055C9E3 /* Resources */ = {
			isa = PBXResourcesBuildPhase;
			buildActionMask = 2147483647;
			files = (
			);
			runOnlyForDeploymentPostprocessing = 0;
		};
		0DFB61482B9243AB0055C9E3 /* Resources */ = {
			isa = PBXResourcesBuildPhase;
			buildActionMask = 2147483647;
			files = (
			);
			runOnlyForDeploymentPostprocessing = 0;
		};
/* End PBXResourcesBuildPhase section */

/* Begin PBXSourcesBuildPhase section */
		0DFB612C2B9243A90055C9E3 /* Sources */ = {
			isa = PBXSourcesBuildPhase;
			buildActionMask = 2147483647;
			files = (
				0DFB61362B9243A90055C9E3 /* ContentView.swift in Sources */,
				0D1A431E2B964AA80039DCC2 /* Util.swift in Sources */,
				0DFB61342B9243A90055C9E3 /* AppDelegate.swift in Sources */,
				0D5EBB102B9271C4005E5A82 /* simulation.swift in Sources */,
				0D5EBB0C2B9265DC005E5A82 /* environment.swift in Sources */,
				0D5EBB0E2B92660C005E5A82 /* model.swift in Sources */,
			);
			runOnlyForDeploymentPostprocessing = 0;
		};
		0DFB613C2B9243AB0055C9E3 /* Sources */ = {
			isa = PBXSourcesBuildPhase;
			buildActionMask = 2147483647;
			files = (
				0DFB61452B9243AB0055C9E3 /* VirtualRootsTests.swift in Sources */,
			);
			runOnlyForDeploymentPostprocessing = 0;
		};
		0DFB61462B9243AB0055C9E3 /* Sources */ = {
			isa = PBXSourcesBuildPhase;
			buildActionMask = 2147483647;
			files = (
				0DFB61512B9243AB0055C9E3 /* VirtualRootsUITestsLaunchTests.swift in Sources */,
				0DFB614F2B9243AB0055C9E3 /* VirtualRootsUITests.swift in Sources */,
			);
			runOnlyForDeploymentPostprocessing = 0;
		};
/* End PBXSourcesBuildPhase section */

/* Begin PBXTargetDependency section */
		0DFB61422B9243AB0055C9E3 /* PBXTargetDependency */ = {
			isa = PBXTargetDependency;
			target = 0DFB612F2B9243A90055C9E3 /* VirtualRoots */;
			targetProxy = 0DFB61412B9243AB0055C9E3 /* PBXContainerItemProxy */;
		};
		0DFB614C2B9243AB0055C9E3 /* PBXTargetDependency */ = {
			isa = PBXTargetDependency;
			target = 0DFB612F2B9243A90055C9E3 /* VirtualRoots */;
			targetProxy = 0DFB614B2B9243AB0055C9E3 /* PBXContainerItemProxy */;
		};
/* End PBXTargetDependency section */

/* Begin XCBuildConfiguration section */
		0DFB61522B9243AB0055C9E3 /* Debug */ = {
			isa = XCBuildConfiguration;
			buildSettings = {
				ALWAYS_SEARCH_USER_PATHS = NO;
				ASSETCATALOG_COMPILER_GENERATE_SWIFT_ASSET_SYMBOL_EXTENSIONS = YES;
				CLANG_ANALYZER_NONNULL = YES;
				CLANG_ANALYZER_NUMBER_OBJECT_CONVERSION = YES_AGGRESSIVE;
				CLANG_CXX_LANGUAGE_STANDARD = "gnu++20";
				CLANG_ENABLE_MODULES = YES;
				CLANG_ENABLE_OBJC_ARC = YES;
				CLANG_ENABLE_OBJC_WEAK = YES;
				CLANG_WARN_BLOCK_CAPTURE_AUTORELEASING = YES;
				CLANG_WARN_BOOL_CONVERSION = YES;
				CLANG_WARN_COMMA = YES;
				CLANG_WARN_CONSTANT_CONVERSION = YES;
				CLANG_WARN_DEPRECATED_OBJC_IMPLEMENTATIONS = YES;
				CLANG_WARN_DIRECT_OBJC_ISA_USAGE = YES_ERROR;
				CLANG_WARN_DOCUMENTATION_COMMENTS = YES;
				CLANG_WARN_EMPTY_BODY = YES;
				CLANG_WARN_ENUM_CONVERSION = YES;
				CLANG_WARN_INFINITE_RECURSION = YES;
				CLANG_WARN_INT_CONVERSION = YES;
				CLANG_WARN_NON_LITERAL_NULL_CONVERSION = YES;
				CLANG_WARN_OBJC_IMPLICIT_RETAIN_SELF = YES;
				CLANG_WARN_OBJC_LITERAL_CONVERSION = YES;
				CLANG_WARN_OBJC_ROOT_CLASS = YES_ERROR;
				CLANG_WARN_QUOTED_INCLUDE_IN_FRAMEWORK_HEADER = YES;
				CLANG_WARN_RANGE_LOOP_ANALYSIS = YES;
				CLANG_WARN_STRICT_PROTOTYPES = YES;
				CLANG_WARN_SUSPICIOUS_MOVE = YES;
				CLANG_WARN_UNGUARDED_AVAILABILITY = YES_AGGRESSIVE;
				CLANG_WARN_UNREACHABLE_CODE = YES;
				CLANG_WARN__DUPLICATE_METHOD_MATCH = YES;
				COPY_PHASE_STRIP = NO;
				DEBUG_INFORMATION_FORMAT = dwarf;
				ENABLE_STRICT_OBJC_MSGSEND = YES;
				ENABLE_TESTABILITY = YES;
				ENABLE_USER_SCRIPT_SANDBOXING = YES;
				GCC_C_LANGUAGE_STANDARD = gnu17;
				GCC_DYNAMIC_NO_PIC = NO;
				GCC_NO_COMMON_BLOCKS = YES;
				GCC_OPTIMIZATION_LEVEL = 0;
				GCC_PREPROCESSOR_DEFINITIONS = (
					"DEBUG=1",
					"$(inherited)",
				);
				GCC_WARN_64_TO_32_BIT_CONVERSION = YES;
				GCC_WARN_ABOUT_RETURN_TYPE = YES_ERROR;
				GCC_WARN_UNDECLARED_SELECTOR = YES;
				GCC_WARN_UNINITIALIZED_AUTOS = YES_AGGRESSIVE;
				GCC_WARN_UNUSED_FUNCTION = YES;
				GCC_WARN_UNUSED_VARIABLE = YES;
				IPHONEOS_DEPLOYMENT_TARGET = 17.2;
				LOCALIZATION_PREFERS_STRING_CATALOGS = YES;
				MTL_ENABLE_DEBUG_INFO = INCLUDE_SOURCE;
				MTL_FAST_MATH = YES;
				ONLY_ACTIVE_ARCH = YES;
				SDKROOT = iphoneos;
				SWIFT_ACTIVE_COMPILATION_CONDITIONS = "DEBUG $(inherited)";
				SWIFT_OPTIMIZATION_LEVEL = "-Onone";
			};
			name = Debug;
		};
		0DFB61532B9243AB0055C9E3 /* Release */ = {
			isa = XCBuildConfiguration;
			buildSettings = {
				ALWAYS_SEARCH_USER_PATHS = NO;
				ASSETCATALOG_COMPILER_GENERATE_SWIFT_ASSET_SYMBOL_EXTENSIONS = YES;
				CLANG_ANALYZER_NONNULL = YES;
				CLANG_ANALYZER_NUMBER_OBJECT_CONVERSION = YES_AGGRESSIVE;
				CLANG_CXX_LANGUAGE_STANDARD = "gnu++20";
				CLANG_ENABLE_MODULES = YES;
				CLANG_ENABLE_OBJC_ARC = YES;
				CLANG_ENABLE_OBJC_WEAK = YES;
				CLANG_WARN_BLOCK_CAPTURE_AUTORELEASING = YES;
				CLANG_WARN_BOOL_CONVERSION = YES;
				CLANG_WARN_COMMA = YES;
				CLANG_WARN_CONSTANT_CONVERSION = YES;
				CLANG_WARN_DEPRECATED_OBJC_IMPLEMENTATIONS = YES;
				CLANG_WARN_DIRECT_OBJC_ISA_USAGE = YES_ERROR;
				CLANG_WARN_DOCUMENTATION_COMMENTS = YES;
				CLANG_WARN_EMPTY_BODY = YES;
				CLANG_WARN_ENUM_CONVERSION = YES;
				CLANG_WARN_INFINITE_RECURSION = YES;
				CLANG_WARN_INT_CONVERSION = YES;
				CLANG_WARN_NON_LITERAL_NULL_CONVERSION = YES;
				CLANG_WARN_OBJC_IMPLICIT_RETAIN_SELF = YES;
				CLANG_WARN_OBJC_LITERAL_CONVERSION = YES;
				CLANG_WARN_OBJC_ROOT_CLASS = YES_ERROR;
				CLANG_WARN_QUOTED_INCLUDE_IN_FRAMEWORK_HEADER = YES;
				CLANG_WARN_RANGE_LOOP_ANALYSIS = YES;
				CLANG_WARN_STRICT_PROTOTYPES = YES;
				CLANG_WARN_SUSPICIOUS_MOVE = YES;
				CLANG_WARN_UNGUARDED_AVAILABILITY = YES_AGGRESSIVE;
				CLANG_WARN_UNREACHABLE_CODE = YES;
				CLANG_WARN__DUPLICATE_METHOD_MATCH = YES;
				COPY_PHASE_STRIP = NO;
				DEBUG_INFORMATION_FORMAT = "dwarf-with-dsym";
				ENABLE_NS_ASSERTIONS = NO;
				ENABLE_STRICT_OBJC_MSGSEND = YES;
				ENABLE_USER_SCRIPT_SANDBOXING = YES;
				GCC_C_LANGUAGE_STANDARD = gnu17;
				GCC_NO_COMMON_BLOCKS = YES;
				GCC_WARN_64_TO_32_BIT_CONVERSION = YES;
				GCC_WARN_ABOUT_RETURN_TYPE = YES_ERROR;
				GCC_WARN_UNDECLARED_SELECTOR = YES;
				GCC_WARN_UNINITIALIZED_AUTOS = YES_AGGRESSIVE;
				GCC_WARN_UNUSED_FUNCTION = YES;
				GCC_WARN_UNUSED_VARIABLE = YES;
				IPHONEOS_DEPLOYMENT_TARGET = 17.2;
				LOCALIZATION_PREFERS_STRING_CATALOGS = YES;
				MTL_ENABLE_DEBUG_INFO = NO;
				MTL_FAST_MATH = YES;
				SDKROOT = iphoneos;
				SWIFT_COMPILATION_MODE = wholemodule;
				VALIDATE_PRODUCT = YES;
			};
			name = Release;
		};
		0DFB61552B9243AB0055C9E3 /* Debug */ = {
			isa = XCBuildConfiguration;
			buildSettings = {
				ASSETCATALOG_COMPILER_APPICON_NAME = AppIcon;
				ASSETCATALOG_COMPILER_GLOBAL_ACCENT_COLOR_NAME = AccentColor;
				CODE_SIGN_IDENTITY = "Apple Development";
				CODE_SIGN_STYLE = Automatic;
				CURRENT_PROJECT_VERSION = 1;
				DEVELOPMENT_ASSET_PATHS = "\"VirtualRoots/Preview Content\"";
				DEVELOPMENT_TEAM = 2XYP29YZB5;
				ENABLE_PREVIEWS = YES;
				GENERATE_INFOPLIST_FILE = YES;
				INFOPLIST_KEY_NSCameraUsageDescription = "";
				INFOPLIST_KEY_UIApplicationSupportsIndirectInputEvents = YES;
				INFOPLIST_KEY_UILaunchScreen_Generation = YES;
				INFOPLIST_KEY_UIRequiredDeviceCapabilities = arkit;
				INFOPLIST_KEY_UIStatusBarHidden = YES;
				INFOPLIST_KEY_UISupportedInterfaceOrientations_iPad = "UIInterfaceOrientationPortrait UIInterfaceOrientationPortraitUpsideDown UIInterfaceOrientationLandscapeLeft UIInterfaceOrientationLandscapeRight";
				INFOPLIST_KEY_UISupportedInterfaceOrientations_iPhone = "UIInterfaceOrientationPortrait UIInterfaceOrientationLandscapeLeft UIInterfaceOrientationLandscapeRight";
				LD_RUNPATH_SEARCH_PATHS = (
					"$(inherited)",
					"@executable_path/Frameworks",
				);
				MARKETING_VERSION = 1.0;
				PRODUCT_BUNDLE_IDENTIFIER = app.vroot.VirtualRoots;
				PRODUCT_NAME = "$(TARGET_NAME)";
				PROVISIONING_PROFILE_SPECIFIER = "";
				SWIFT_EMIT_LOC_STRINGS = YES;
				SWIFT_VERSION = 5.0;
				TARGETED_DEVICE_FAMILY = "1,2";
			};
			name = Debug;
		};
		0DFB61562B9243AB0055C9E3 /* Release */ = {
			isa = XCBuildConfiguration;
			buildSettings = {
				ASSETCATALOG_COMPILER_APPICON_NAME = AppIcon;
				ASSETCATALOG_COMPILER_GLOBAL_ACCENT_COLOR_NAME = AccentColor;
				CODE_SIGN_IDENTITY = "Apple Development";
				CODE_SIGN_STYLE = Automatic;
				CURRENT_PROJECT_VERSION = 1;
				DEVELOPMENT_ASSET_PATHS = "\"VirtualRoots/Preview Content\"";
				DEVELOPMENT_TEAM = 2XYP29YZB5;
				ENABLE_PREVIEWS = YES;
				GENERATE_INFOPLIST_FILE = YES;
				INFOPLIST_KEY_NSCameraUsageDescription = "";
				INFOPLIST_KEY_UIApplicationSupportsIndirectInputEvents = YES;
				INFOPLIST_KEY_UILaunchScreen_Generation = YES;
				INFOPLIST_KEY_UIRequiredDeviceCapabilities = arkit;
				INFOPLIST_KEY_UIStatusBarHidden = YES;
				INFOPLIST_KEY_UISupportedInterfaceOrientations_iPad = "UIInterfaceOrientationPortrait UIInterfaceOrientationPortraitUpsideDown UIInterfaceOrientationLandscapeLeft UIInterfaceOrientationLandscapeRight";
				INFOPLIST_KEY_UISupportedInterfaceOrientations_iPhone = "UIInterfaceOrientationPortrait UIInterfaceOrientationLandscapeLeft UIInterfaceOrientationLandscapeRight";
				LD_RUNPATH_SEARCH_PATHS = (
					"$(inherited)",
					"@executable_path/Frameworks",
				);
				MARKETING_VERSION = 1.0;
				PRODUCT_BUNDLE_IDENTIFIER = app.vroot.VirtualRoots;
				PRODUCT_NAME = "$(TARGET_NAME)";
				PROVISIONING_PROFILE_SPECIFIER = "";
				SWIFT_EMIT_LOC_STRINGS = YES;
				SWIFT_VERSION = 5.0;
				TARGETED_DEVICE_FAMILY = "1,2";
			};
			name = Release;
		};
		0DFB61582B9243AB0055C9E3 /* Debug */ = {
			isa = XCBuildConfiguration;
			buildSettings = {
				ALWAYS_EMBED_SWIFT_STANDARD_LIBRARIES = YES;
				BUNDLE_LOADER = "$(TEST_HOST)";
				CODE_SIGN_STYLE = Automatic;
				CURRENT_PROJECT_VERSION = 1;
				GENERATE_INFOPLIST_FILE = YES;
				IPHONEOS_DEPLOYMENT_TARGET = 17.2;
				MARKETING_VERSION = 1.0;
				PRODUCT_BUNDLE_IDENTIFIER = app.vroot.VirtualRootsTests;
				PRODUCT_NAME = "$(TARGET_NAME)";
				SWIFT_EMIT_LOC_STRINGS = NO;
				SWIFT_VERSION = 5.0;
				TARGETED_DEVICE_FAMILY = "1,2";
				TEST_HOST = "$(BUILT_PRODUCTS_DIR)/VirtualRoots.app/$(BUNDLE_EXECUTABLE_FOLDER_PATH)/VirtualRoots";
			};
			name = Debug;
		};
		0DFB61592B9243AB0055C9E3 /* Release */ = {
			isa = XCBuildConfiguration;
			buildSettings = {
				ALWAYS_EMBED_SWIFT_STANDARD_LIBRARIES = YES;
				BUNDLE_LOADER = "$(TEST_HOST)";
				CODE_SIGN_STYLE = Automatic;
				CURRENT_PROJECT_VERSION = 1;
				GENERATE_INFOPLIST_FILE = YES;
				IPHONEOS_DEPLOYMENT_TARGET = 17.2;
				MARKETING_VERSION = 1.0;
				PRODUCT_BUNDLE_IDENTIFIER = app.vroot.VirtualRootsTests;
				PRODUCT_NAME = "$(TARGET_NAME)";
				SWIFT_EMIT_LOC_STRINGS = NO;
				SWIFT_VERSION = 5.0;
				TARGETED_DEVICE_FAMILY = "1,2";
				TEST_HOST = "$(BUILT_PRODUCTS_DIR)/VirtualRoots.app/$(BUNDLE_EXECUTABLE_FOLDER_PATH)/VirtualRoots";
			};
			name = Release;
		};
		0DFB615B2B9243AB0055C9E3 /* Debug */ = {
			isa = XCBuildConfiguration;
			buildSettings = {
				ALWAYS_EMBED_SWIFT_STANDARD_LIBRARIES = YES;
				CODE_SIGN_STYLE = Automatic;
				CURRENT_PROJECT_VERSION = 1;
				GENERATE_INFOPLIST_FILE = YES;
				MARKETING_VERSION = 1.0;
				PRODUCT_BUNDLE_IDENTIFIER = app.vroot.VirtualRootsUITests;
				PRODUCT_NAME = "$(TARGET_NAME)";
				SWIFT_EMIT_LOC_STRINGS = NO;
				SWIFT_VERSION = 5.0;
				TARGETED_DEVICE_FAMILY = "1,2";
				TEST_TARGET_NAME = VirtualRoots;
			};
			name = Debug;
		};
		0DFB615C2B9243AB0055C9E3 /* Release */ = {
			isa = XCBuildConfiguration;
			buildSettings = {
				ALWAYS_EMBED_SWIFT_STANDARD_LIBRARIES = YES;
				CODE_SIGN_STYLE = Automatic;
				CURRENT_PROJECT_VERSION = 1;
				GENERATE_INFOPLIST_FILE = YES;
				MARKETING_VERSION = 1.0;
				PRODUCT_BUNDLE_IDENTIFIER = app.vroot.VirtualRootsUITests;
				PRODUCT_NAME = "$(TARGET_NAME)";
				SWIFT_EMIT_LOC_STRINGS = NO;
				SWIFT_VERSION = 5.0;
				TARGETED_DEVICE_FAMILY = "1,2";
				TEST_TARGET_NAME = VirtualRoots;
			};
			name = Release;
		};
/* End XCBuildConfiguration section */

/* Begin XCConfigurationList section */
		0DFB612B2B9243A90055C9E3 /* Build configuration list for PBXProject "VirtualRoots" */ = {
			isa = XCConfigurationList;
			buildConfigurations = (
				0DFB61522B9243AB0055C9E3 /* Debug */,
				0DFB61532B9243AB0055C9E3 /* Release */,
			);
			defaultConfigurationIsVisible = 0;
			defaultConfigurationName = Release;
		};
		0DFB61542B9243AB0055C9E3 /* Build configuration list for PBXNativeTarget "VirtualRoots" */ = {
			isa = XCConfigurationList;
			buildConfigurations = (
				0DFB61552B9243AB0055C9E3 /* Debug */,
				0DFB61562B9243AB0055C9E3 /* Release */,
			);
			defaultConfigurationIsVisible = 0;
			defaultConfigurationName = Release;
		};
		0DFB61572B9243AB0055C9E3 /* Build configuration list for PBXNativeTarget "VirtualRootsTests" */ = {
			isa = XCConfigurationList;
			buildConfigurations = (
				0DFB61582B9243AB0055C9E3 /* Debug */,
				0DFB61592B9243AB0055C9E3 /* Release */,
			);
			defaultConfigurationIsVisible = 0;
			defaultConfigurationName = Release;
		};
		0DFB615A2B9243AB0055C9E3 /* Build configuration list for PBXNativeTarget "VirtualRootsUITests" */ = {
			isa = XCConfigurationList;
			buildConfigurations = (
				0DFB615B2B9243AB0055C9E3 /* Debug */,
				0DFB615C2B9243AB0055C9E3 /* Release */,
			);
			defaultConfigurationIsVisible = 0;
			defaultConfigurationName = Release;
		};
/* End XCConfigurationList section */
	};
	rootObject = 0DFB61282B9243A90055C9E3 /* Project object */;
}
